
Microsoft Visual Studio Solution File, Format Version 12.00
# Visual Studio 2013
VisualStudioVersion = 12.0.30723.0
MinimumVisualStudioVersion = 10.0.40219.1
Project("{FAE04EC0-301F-11D3-BF4B-00C04F79EFBC}") = "PST.API", "PST.API\PST.API.csproj", "{994F126E-1871-41AE-8C29-4F9498C0C563}"
EndProject
Global
	GlobalSection(TeamFoundationVersionControl) = preSolution
		SccNumberOfProjects = 2
		SccEnterpriseProvider = {4CA58AB2-18FA-4F8D-95D4-32DDF27D184C}
		SccTeamFoundationServer = https://prototype1.visualstudio.com/defaultcollection
		SccLocalPath0 = .
		SccProjectUniqueName1 = PST.API\\PST.API.csproj
		SccProjectName1 = PST.API
		SccLocalPath1 = PST.API
	EndGlobalSection
	GlobalSection(SolutionConfigurationPlatforms) = preSolution
		Debug|Any CPU = Debug|Any CPU
		Release|Any CPU = Release|Any CPU
	EndGlobalSection
	GlobalSection(ProjectConfigurationPlatforms) = postSolution
		{994F126E-1871-41AE-8C29-4F9498C0C563}.Debug|Any CPU.ActiveCfg = Debug|Any CPU
		{994F126E-1871-41AE-8C29-4F9498C0C563}.Debug|Any CPU.Build.0 = Debug|Any CPU
		{994F126E-1871-41AE-8C29-4F9498C0C563}.Release|Any CPU.ActiveCfg = Release|Any CPU
		{994F126E-1871-41AE-8C29-4F9498C0C563}.Release|Any CPU.Build.0 = Release|Any CPU
	EndGlobalSection
	GlobalSection(SolutionProperties) = preSolution
		HideSolutionNode = FALSE
	EndGlobalSection
EndGlobal
